
Microsoft Visual Studio Solution File, Format Version 12.00
# Visual Studio Version 17
VisualStudioVersion = 17.4.33205.214
MinimumVisualStudioVersion = 10.0.40219.1
Project("{FAE04EC0-301F-11D3-BF4B-00C04F79EFBC}") = "BackgroundWorkerControl", "BackgroundWorkerControl\BackgroundWorkerControl.csproj", "{560A7BFA-D864-4B3F-A6FE-FAF8170D11F4}"
EndProject
Project("{FAE04EC0-301F-11D3-BF4B-00C04F79EFBC}") = "ButtonControl", "ButtonControl\ButtonControl.csproj", "{7D0A6D12-DF4C-40B8-B92B-7D63EF8F58B5}"
EndProject
Project("{FAE04EC0-301F-11D3-BF4B-00C04F79EFBC}") = "CheckboxControl", "CheckboxControl\CheckboxControl.csproj", "{2F8CB4CE-2D4C-4E69-962A-B4850F188746}"
EndProject
Global
	GlobalSection(SolutionConfigurationPlatforms) = preSolution
		Debug|Any CPU = Debug|Any CPU
		Release|Any CPU = Release|Any CPU
	EndGlobalSection
	GlobalSection(ProjectConfigurationPlatforms) = postSolution
		{560A7BFA-D864-4B3F-A6FE-FAF8170D11F4}.Debug|Any CPU.ActiveCfg = Debug|Any CPU
		{560A7BFA-D864-4B3F-A6FE-FAF8170D11F4}.Debug|Any CPU.Build.0 = Debug|Any CPU
		{560A7BFA-D864-4B3F-A6FE-FAF8170D11F4}.Release|Any CPU.ActiveCfg = Release|Any CPU
		{560A7BFA-D864-4B3F-A6FE-FAF8170D11F4}.Release|Any CPU.Build.0 = Release|Any CPU
		{7D0A6D12-DF4C-40B8-B92B-7D63EF8F58B5}.Debug|Any CPU.ActiveCfg = Debug|Any CPU
		{7D0A6D12-DF4C-40B8-B92B-7D63EF8F58B5}.Debug|Any CPU.Build.0 = Debug|Any CPU
		{7D0A6D12-DF4C-40B8-B92B-7D63EF8F58B5}.Release|Any CPU.ActiveCfg = Release|Any CPU
		{7D0A6D12-DF4C-40B8-B92B-7D63EF8F58B5}.Release|Any CPU.Build.0 = Release|Any CPU
		{2F8CB4CE-2D4C-4E69-962A-B4850F188746}.Debug|Any CPU.ActiveCfg = Debug|Any CPU
		{2F8CB4CE-2D4C-4E69-962A-B4850F188746}.Debug|Any CPU.Build.0 = Debug|Any CPU
		{2F8CB4CE-2D4C-4E69-962A-B4850F188746}.Release|Any CPU.ActiveCfg = Release|Any CPU
		{2F8CB4CE-2D4C-4E69-962A-B4850F188746}.Release|Any CPU.Build.0 = Release|Any CPU
	EndGlobalSection
	GlobalSection(SolutionProperties) = preSolution
		HideSolutionNode = FALSE
	EndGlobalSection
	GlobalSection(ExtensibilityGlobals) = postSolution
		SolutionGuid = {9A2A0A47-7496-445C-9577-B99B4B31D888}
	EndGlobalSection
EndGlobal
